
Microsoft Visual Studio Solution File, Format Version 12.00
# Visual Studio Version 17
VisualStudioVersion = 17.13.35919.96 d17.13
MinimumVisualStudioVersion = 10.0.40219.1
Project("{FAE04EC0-301F-11D3-BF4B-00C04F79EFBC}") = "Backend", "Backend.csproj", "{DA0BF8DC-26F2-4F06-9573-70196D281C84}"
EndProject
Global
	GlobalSection(SolutionConfigurationPlatforms) = preSolution
		Debug|Any CPU = Debug|Any CPU
		Release|Any CPU = Release|Any CPU
	EndGlobalSection
	GlobalSection(ProjectConfigurationPlatforms) = postSolution
		{DA0BF8DC-26F2-4F06-9573-70196D281C84}.Debug|Any CPU.ActiveCfg = Debug|Any CPU
		{DA0BF8DC-26F2-4F06-9573-70196D281C84}.Debug|Any CPU.Build.0 = Debug|Any CPU
		{DA0BF8DC-26F2-4F06-9573-70196D281C84}.Release|Any CPU.ActiveCfg = Release|Any CPU
		{DA0BF8DC-26F2-4F06-9573-70196D281C84}.Release|Any CPU.Build.0 = Release|Any CPU
	EndGlobalSection
	GlobalSection(SolutionProperties) = preSolution
		HideSolutionNode = FALSE
	EndGlobalSection
	GlobalSection(ExtensibilityGlobals) = postSolution
		SolutionGuid = {9CE699B7-14AB-43FE-ACB2-2F2087D9F6B3}
	EndGlobalSection
EndGlobal
